
Microsoft Visual Studio Solution File, Format Version 12.00
# Visual Studio Version 17
VisualStudioVersion = 17.14.36623.8
MinimumVisualStudioVersion = 10.0.40219.1
Project("{FAE04EC0-301F-11D3-BF4B-00C04F79EFBC}") = "API", "PrivatSchoolsAPI\API.csproj", "{56378CA8-FEAC-4318-B99E-2D5665E9B9D6}"
EndProject
Project("{FAE04EC0-301F-11D3-BF4B-00C04F79EFBC}") = "Infrastructure", "Infrastructure\Infrastructure.csproj", "{E4F04DDB-E092-47C6-81A5-E4F2BF46B9D9}"
EndProject
Project("{FAE04EC0-301F-11D3-BF4B-00C04F79EFBC}") = "Domain", "Domain\Domain.csproj", "{EA329457-8F44-40C1-AE3E-B31C550E2166}"
EndProject
Project("{FAE04EC0-301F-11D3-BF4B-00C04F79EFBC}") = "Application", "Application\Application.csproj", "{BDD276A5-C00A-4F56-A1ED-58DD40A5A348}"
EndProject
Global
	GlobalSection(SolutionConfigurationPlatforms) = preSolution
		Debug|Any CPU = Debug|Any CPU
		Release|Any CPU = Release|Any CPU
	EndGlobalSection
	GlobalSection(ProjectConfigurationPlatforms) = postSolution
		{56378CA8-FEAC-4318-B99E-2D5665E9B9D6}.Debug|Any CPU.ActiveCfg = Debug|Any CPU
		{56378CA8-FEAC-4318-B99E-2D5665E9B9D6}.Debug|Any CPU.Build.0 = Debug|Any CPU
		{56378CA8-FEAC-4318-B99E-2D5665E9B9D6}.Release|Any CPU.ActiveCfg = Release|Any CPU
		{56378CA8-FEAC-4318-B99E-2D5665E9B9D6}.Release|Any CPU.Build.0 = Release|Any CPU
		{E4F04DDB-E092-47C6-81A5-E4F2BF46B9D9}.Debug|Any CPU.ActiveCfg = Debug|Any CPU
		{E4F04DDB-E092-47C6-81A5-E4F2BF46B9D9}.Debug|Any CPU.Build.0 = Debug|Any CPU
		{E4F04DDB-E092-47C6-81A5-E4F2BF46B9D9}.Release|Any CPU.ActiveCfg = Release|Any CPU
		{E4F04DDB-E092-47C6-81A5-E4F2BF46B9D9}.Release|Any CPU.Build.0 = Release|Any CPU
		{EA329457-8F44-40C1-AE3E-B31C550E2166}.Debug|Any CPU.ActiveCfg = Debug|Any CPU
		{EA329457-8F44-40C1-AE3E-B31C550E2166}.Debug|Any CPU.Build.0 = Debug|Any CPU
		{EA329457-8F44-40C1-AE3E-B31C550E2166}.Release|Any CPU.ActiveCfg = Release|Any CPU
		{EA329457-8F44-40C1-AE3E-B31C550E2166}.Release|Any CPU.Build.0 = Release|Any CPU
		{BDD276A5-C00A-4F56-A1ED-58DD40A5A348}.Debug|Any CPU.ActiveCfg = Debug|Any CPU
		{BDD276A5-C00A-4F56-A1ED-58DD40A5A348}.Debug|Any CPU.Build.0 = Debug|Any CPU
		{BDD276A5-C00A-4F56-A1ED-58DD40A5A348}.Release|Any CPU.ActiveCfg = Release|Any CPU
		{BDD276A5-C00A-4F56-A1ED-58DD40A5A348}.Release|Any CPU.Build.0 = Release|Any CPU
	EndGlobalSection
	GlobalSection(SolutionProperties) = preSolution
		HideSolutionNode = FALSE
	EndGlobalSection
	GlobalSection(ExtensibilityGlobals) = postSolution
		SolutionGuid = {C3406A2E-A4AC-49C0-94A7-1A83789384B9}
	EndGlobalSection
EndGlobal
